// !$*UTF8*$!
{
	archiveVersion = 1;
	classes = {
	};
	objectVersion = 48;
	objects = {

/* Begin PBXBuildFile section */
		0BC65B8C539246FFC249A080 /* Pods_AlamofireDemoUITests.framework in Frameworks */ = {isa = PBXBuildFile; fileRef = 858C7300EC95E71367B70840 /* Pods_AlamofireDemoUITests.framework */; };
		1BBD56B7AE0E2477209FF99F /* Pods_AlamofireDemoTests.framework in Frameworks */ = {isa = PBXBuildFile; fileRef = F6CF8AE6D4DC500779CBF316 /* Pods_AlamofireDemoTests.framework */; };
		401C77F9DC03A0E69A76FE34 /* Pods_AlamofireDemo.framework in Frameworks */ = {isa = PBXBuildFile; fileRef = 45BCBE9BD0EEC67C25D61734 /* Pods_AlamofireDemo.framework */; };
		919186E51FEF673C00763695 /* SwiftyJSON.framework in Frameworks */ = {isa = PBXBuildFile; fileRef = 919186E61FEF673C00763695 /* SwiftyJSON.framework */; };
		91B4C0F71FEA819500E400E2 /* AppDelegate.swift in Sources */ = {isa = PBXBuildFile; fileRef = 91B4C0F61FEA819500E400E2 /* AppDelegate.swift */; };
		91B4C0F91FEA819500E400E2 /* ViewController.swift in Sources */ = {isa = PBXBuildFile; fileRef = 91B4C0F81FEA819500E400E2 /* ViewController.swift */; };
		91B4C0FC1FEA819500E400E2 /* Main.storyboard in Resources */ = {isa = PBXBuildFile; fileRef = 91B4C0FA1FEA819500E400E2 /* Main.storyboard */; };
		91B4C0FE1FEA819500E400E2 /* Assets.xcassets in Resources */ = {isa = PBXBuildFile; fileRef = 91B4C0FD1FEA819500E400E2 /* Assets.xcassets */; };
		91B4C1011FEA819500E400E2 /* LaunchScreen.storyboard in Resources */ = {isa = PBXBuildFile; fileRef = 91B4C0FF1FEA819500E400E2 /* LaunchScreen.storyboard */; };
		91B4C10C1FEA819500E400E2 /* AlamofireDemoTests.swift in Sources */ = {isa = PBXBuildFile; fileRef = 91B4C10B1FEA819500E400E2 /* AlamofireDemoTests.swift */; };
		91B4C1171FEA819500E400E2 /* AlamofireDemoUITests.swift in Sources */ = {isa = PBXBuildFile; fileRef = 91B4C1161FEA819500E400E2 /* AlamofireDemoUITests.swift */; };
		91B4C1241FEA85A600E400E2 /* Alamofire.framework in Frameworks */ = {isa = PBXBuildFile; fileRef = 91B4C1251FEA85A600E400E2 /* Alamofire.framework */; };
/* End PBXBuildFile section */

/* Begin PBXContainerItemProxy section */
		91B4C1081FEA819500E400E2 /* PBXContainerItemProxy */ = {
			isa = PBXContainerItemProxy;
			containerPortal = 91B4C0EB1FEA819500E400E2 /* Project object */;
			proxyType = 1;
			remoteGlobalIDString = 91B4C0F21FEA819500E400E2;
			remoteInfo = AlamofireDemo;
		};
		91B4C1131FEA819500E400E2 /* PBXContainerItemProxy */ = {
			isa = PBXContainerItemProxy;
			containerPortal = 91B4C0EB1FEA819500E400E2 /* Project object */;
			proxyType = 1;
			remoteGlobalIDString = 91B4C0F21FEA819500E400E2;
			remoteInfo = AlamofireDemo;
		};
/* End PBXContainerItemProxy section */

/* Begin PBXFileReference section */
		29A528225C7A391D5F17E107 /* Pods-AlamofireDemoUITests.release.xcconfig */ = {isa = PBXFileReference; includeInIndex = 1; lastKnownFileType = text.xcconfig; name = "Pods-AlamofireDemoUITests.release.xcconfig"; path = "Pods/Target Support Files/Pods-AlamofireDemoUITests/Pods-AlamofireDemoUITests.release.xcconfig"; sourceTree = "<group>"; };
		45BCBE9BD0EEC67C25D61734 /* Pods_AlamofireDemo.framework */ = {isa = PBXFileReference; explicitFileType = wrapper.framework; includeInIndex = 0; path = Pods_AlamofireDemo.framework; sourceTree = BUILT_PRODUCTS_DIR; };
		52C18D1B7DA9B58251AD1532 /* Pods-AlamofireDemoTests.release.xcconfig */ = {isa = PBXFileReference; includeInIndex = 1; lastKnownFileType = text.xcconfig; name = "Pods-AlamofireDemoTests.release.xcconfig"; path = "Pods/Target Support Files/Pods-AlamofireDemoTests/Pods-AlamofireDemoTests.release.xcconfig"; sourceTree = "<group>"; };
		583BA4D954C6B140E82CB22D /* Pods-AlamofireDemoTests.debug.xcconfig */ = {isa = PBXFileReference; includeInIndex = 1; lastKnownFileType = text.xcconfig; name = "Pods-AlamofireDemoTests.debug.xcconfig"; path = "Pods/Target Support Files/Pods-AlamofireDemoTests/Pods-AlamofireDemoTests.debug.xcconfig"; sourceTree = "<group>"; };
		7FA94AEA0B9DCA1297AD19C0 /* Pods-AlamofireDemoUITests.debug.xcconfig */ = {isa = PBXFileReference; includeInIndex = 1; lastKnownFileType = text.xcconfig; name = "Pods-AlamofireDemoUITests.debug.xcconfig"; path = "Pods/Target Support Files/Pods-AlamofireDemoUITests/Pods-AlamofireDemoUITests.debug.xcconfig"; sourceTree = "<group>"; };
		858C7300EC95E71367B70840 /* Pods_AlamofireDemoUITests.framework */ = {isa = PBXFileReference; explicitFileType = wrapper.framework; includeInIndex = 0; path = Pods_AlamofireDemoUITests.framework; sourceTree = BUILT_PRODUCTS_DIR; };
		919186E61FEF673C00763695 /* SwiftyJSON.framework */ = {isa = PBXFileReference; explicitFileType = wrapper.framework; path = SwiftyJSON.framework; sourceTree = BUILT_PRODUCTS_DIR; };
		91B4C0F31FEA819500E400E2 /* AlamofireDemo.app */ = {isa = PBXFileReference; explicitFileType = wrapper.application; includeInIndex = 0; path = AlamofireDemo.app; sourceTree = BUILT_PRODUCTS_DIR; };
		91B4C0F61FEA819500E400E2 /* AppDelegate.swift */ = {isa = PBXFileReference; lastKnownFileType = sourcecode.swift; path = AppDelegate.swift; sourceTree = "<group>"; };
		91B4C0F81FEA819500E400E2 /* ViewController.swift */ = {isa = PBXFileReference; lastKnownFileType = sourcecode.swift; path = ViewController.swift; sourceTree = "<group>"; };
		91B4C0FB1FEA819500E400E2 /* Base */ = {isa = PBXFileReference; lastKnownFileType = file.storyboard; name = Base; path = Base.lproj/Main.storyboard; sourceTree = "<group>"; };
		91B4C0FD1FEA819500E400E2 /* Assets.xcassets */ = {isa = PBXFileReference; lastKnownFileType = folder.assetcatalog; path = Assets.xcassets; sourceTree = "<group>"; };
		91B4C1001FEA819500E400E2 /* Base */ = {isa = PBXFileReference; lastKnownFileType = file.storyboard; name = Base; path = Base.lproj/LaunchScreen.storyboard; sourceTree = "<group>"; };
		91B4C1021FEA819500E400E2 /* Info.plist */ = {isa = PBXFileReference; lastKnownFileType = text.plist.xml; path = Info.plist; sourceTree = "<group>"; };
		91B4C1071FEA819500E400E2 /* AlamofireDemoTests.xctest */ = {isa = PBXFileReference; explicitFileType = wrapper.cfbundle; includeInIndex = 0; path = AlamofireDemoTests.xctest; sourceTree = BUILT_PRODUCTS_DIR; };
		91B4C10B1FEA819500E400E2 /* AlamofireDemoTests.swift */ = {isa = PBXFileReference; lastKnownFileType = sourcecode.swift; path = AlamofireDemoTests.swift; sourceTree = "<group>"; };
		91B4C10D1FEA819500E400E2 /* Info.plist */ = {isa = PBXFileReference; lastKnownFileType = text.plist.xml; path = Info.plist; sourceTree = "<group>"; };
		91B4C1121FEA819500E400E2 /* AlamofireDemoUITests.xctest */ = {isa = PBXFileReference; explicitFileType = wrapper.cfbundle; includeInIndex = 0; path = AlamofireDemoUITests.xctest; sourceTree = BUILT_PRODUCTS_DIR; };
		91B4C1161FEA819500E400E2 /* AlamofireDemoUITests.swift */ = {isa = PBXFileReference; lastKnownFileType = sourcecode.swift; path = AlamofireDemoUITests.swift; sourceTree = "<group>"; };
		91B4C1181FEA819500E400E2 /* Info.plist */ = {isa = PBXFileReference; lastKnownFileType = text.plist.xml; path = Info.plist; sourceTree = "<group>"; };
		91B4C1251FEA85A600E400E2 /* Alamofire.framework */ = {isa = PBXFileReference; explicitFileType = wrapper.framework; path = Alamofire.framework; sourceTree = BUILT_PRODUCTS_DIR; };
		ADCB0F6686F28686C58BEF13 /* Pods-AlamofireDemo.debug.xcconfig */ = {isa = PBXFileReference; includeInIndex = 1; lastKnownFileType = text.xcconfig; name = "Pods-AlamofireDemo.debug.xcconfig"; path = "Pods/Target Support Files/Pods-AlamofireDemo/Pods-AlamofireDemo.debug.xcconfig"; sourceTree = "<group>"; };
		B0D4022180C553008B39E155 /* Pods-AlamofireDemo.release.xcconfig */ = {isa = PBXFileReference; includeInIndex = 1; lastKnownFileType = text.xcconfig; name = "Pods-AlamofireDemo.release.xcconfig"; path = "Pods/Target Support Files/Pods-AlamofireDemo/Pods-AlamofireDemo.release.xcconfig"; sourceTree = "<group>"; };
		F6CF8AE6D4DC500779CBF316 /* Pods_AlamofireDemoTests.framework */ = {isa = PBXFileReference; explicitFileType = wrapper.framework; includeInIndex = 0; path = Pods_AlamofireDemoTests.framework; sourceTree = BUILT_PRODUCTS_DIR; };
/* End PBXFileReference section */

/* Begin PBXFrameworksBuildPhase section */
		91B4C0F01FEA819500E400E2 /* Frameworks */ = {
			isa = PBXFrameworksBuildPhase;
			buildActionMask = 2147483647;
			files = (
				919186E51FEF673C00763695 /* SwiftyJSON.framework in Frameworks */,
				91B4C1241FEA85A600E400E2 /* Alamofire.framework in Frameworks */,
				401C77F9DC03A0E69A76FE34 /* Pods_AlamofireDemo.framework in Frameworks */,
			);
			runOnlyForDeploymentPostprocessing = 0;
		};
		91B4C1041FEA819500E400E2 /* Frameworks */ = {
			isa = PBXFrameworksBuildPhase;
			buildActionMask = 2147483647;
			files = (
				1BBD56B7AE0E2477209FF99F /* Pods_AlamofireDemoTests.framework in Frameworks */,
			);
			runOnlyForDeploymentPostprocessing = 0;
		};
		91B4C10F1FEA819500E400E2 /* Frameworks */ = {
			isa = PBXFrameworksBuildPhase;
			buildActionMask = 2147483647;
			files = (
				0BC65B8C539246FFC249A080 /* Pods_AlamofireDemoUITests.framework in Frameworks */,
			);
			runOnlyForDeploymentPostprocessing = 0;
		};
/* End PBXFrameworksBuildPhase section */

/* Begin PBXGroup section */
		1DA85573275E03DBDAE27690 /* Frameworks */ = {
			isa = PBXGroup;
			children = (
				919186E61FEF673C00763695 /* SwiftyJSON.framework */,
				91B4C1251FEA85A600E400E2 /* Alamofire.framework */,
				45BCBE9BD0EEC67C25D61734 /* Pods_AlamofireDemo.framework */,
				F6CF8AE6D4DC500779CBF316 /* Pods_AlamofireDemoTests.framework */,
				858C7300EC95E71367B70840 /* Pods_AlamofireDemoUITests.framework */,
			);
			name = Frameworks;
			sourceTree = "<group>";
		};
		91B4C0EA1FEA819500E400E2 = {
			isa = PBXGroup;
			children = (
				91B4C0F51FEA819500E400E2 /* AlamofireDemo */,
				91B4C10A1FEA819500E400E2 /* AlamofireDemoTests */,
				91B4C1151FEA819500E400E2 /* AlamofireDemoUITests */,
				91B4C0F41FEA819500E400E2 /* Products */,
				D4F67D4CC29C2508DE3D2B91 /* Pods */,
				1DA85573275E03DBDAE27690 /* Frameworks */,
			);
			sourceTree = "<group>";
		};
		91B4C0F41FEA819500E400E2 /* Products */ = {
			isa = PBXGroup;
			children = (
				91B4C0F31FEA819500E400E2 /* AlamofireDemo.app */,
				91B4C1071FEA819500E400E2 /* AlamofireDemoTests.xctest */,
				91B4C1121FEA819500E400E2 /* AlamofireDemoUITests.xctest */,
			);
			name = Products;
			sourceTree = "<group>";
		};
		91B4C0F51FEA819500E400E2 /* AlamofireDemo */ = {
			isa = PBXGroup;
			children = (
				91B4C0F61FEA819500E400E2 /* AppDelegate.swift */,
				91B4C0F81FEA819500E400E2 /* ViewController.swift */,
				91B4C0FA1FEA819500E400E2 /* Main.storyboard */,
				91B4C0FD1FEA819500E400E2 /* Assets.xcassets */,
				91B4C0FF1FEA819500E400E2 /* LaunchScreen.storyboard */,
				91B4C1021FEA819500E400E2 /* Info.plist */,
			);
			path = AlamofireDemo;
			sourceTree = "<group>";
		};
		91B4C10A1FEA819500E400E2 /* AlamofireDemoTests */ = {
			isa = PBXGroup;
			children = (
				91B4C10B1FEA819500E400E2 /* AlamofireDemoTests.swift */,
				91B4C10D1FEA819500E400E2 /* Info.plist */,
			);
			path = AlamofireDemoTests;
			sourceTree = "<group>";
		};
		91B4C1151FEA819500E400E2 /* AlamofireDemoUITests */ = {
			isa = PBXGroup;
			children = (
				91B4C1161FEA819500E400E2 /* AlamofireDemoUITests.swift */,
				91B4C1181FEA819500E400E2 /* Info.plist */,
			);
			path = AlamofireDemoUITests;
			sourceTree = "<group>";
		};
		D4F67D4CC29C2508DE3D2B91 /* Pods */ = {
			isa = PBXGroup;
			children = (
				ADCB0F6686F28686C58BEF13 /* Pods-AlamofireDemo.debug.xcconfig */,
				B0D4022180C553008B39E155 /* Pods-AlamofireDemo.release.xcconfig */,
				583BA4D954C6B140E82CB22D /* Pods-AlamofireDemoTests.debug.xcconfig */,
				52C18D1B7DA9B58251AD1532 /* Pods-AlamofireDemoTests.release.xcconfig */,
				7FA94AEA0B9DCA1297AD19C0 /* Pods-AlamofireDemoUITests.debug.xcconfig */,
				29A528225C7A391D5F17E107 /* Pods-AlamofireDemoUITests.release.xcconfig */,
			);
			name = Pods;
			sourceTree = "<group>";
		};
/* End PBXGroup section */

/* Begin PBXNativeTarget section */
		91B4C0F21FEA819500E400E2 /* AlamofireDemo */ = {
			isa = PBXNativeTarget;
			buildConfigurationList = 91B4C11B1FEA819500E400E2 /* Build configuration list for PBXNativeTarget "AlamofireDemo" */;
			buildPhases = (
				CF8BE707BE4BE49ACD14E2D9 /* [CP] Check Pods Manifest.lock */,
				91B4C0EF1FEA819500E400E2 /* Sources */,
				91B4C0F01FEA819500E400E2 /* Frameworks */,
				91B4C0F11FEA819500E400E2 /* Resources */,
				340BFF3DBC24D640E47B5C9B /* [CP] Embed Pods Frameworks */,
				C2F098D4CD8F121328F75C7B /* [CP] Copy Pods Resources */,
			);
			buildRules = (
			);
			dependencies = (
			);
			name = AlamofireDemo;
			productName = AlamofireDemo;
			productReference = 91B4C0F31FEA819500E400E2 /* AlamofireDemo.app */;
			productType = "com.apple.product-type.application";
		};
		91B4C1061FEA819500E400E2 /* AlamofireDemoTests */ = {
			isa = PBXNativeTarget;
			buildConfigurationList = 91B4C11E1FEA819500E400E2 /* Build configuration list for PBXNativeTarget "AlamofireDemoTests" */;
			buildPhases = (
				7D2CE4EBB3D09BD7B786AB2B /* [CP] Check Pods Manifest.lock */,
				91B4C1031FEA819500E400E2 /* Sources */,
				91B4C1041FEA819500E400E2 /* Frameworks */,
				91B4C1051FEA819500E400E2 /* Resources */,
				F4B9176AEEF476997BC1DAD2 /* [CP] Embed Pods Frameworks */,
				9451D895380A0B6FE6847722 /* [CP] Copy Pods Resources */,
			);
			buildRules = (
			);
			dependencies = (
				91B4C1091FEA819500E400E2 /* PBXTargetDependency */,
			);
			name = AlamofireDemoTests;
			productName = AlamofireDemoTests;
			productReference = 91B4C1071FEA819500E400E2 /* AlamofireDemoTests.xctest */;
			productType = "com.apple.product-type.bundle.unit-test";
		};
		91B4C1111FEA819500E400E2 /* AlamofireDemoUITests */ = {
			isa = PBXNativeTarget;
			buildConfigurationList = 91B4C1211FEA819500E400E2 /* Build configuration list for PBXNativeTarget "AlamofireDemoUITests" */;
			buildPhases = (
				3A44C4A7637FF8656379CFAB /* [CP] Check Pods Manifest.lock */,
				91B4C10E1FEA819500E400E2 /* Sources */,
				91B4C10F1FEA819500E400E2 /* Frameworks */,
				91B4C1101FEA819500E400E2 /* Resources */,
				601FA3910869E1D9BE26A7A6 /* [CP] Embed Pods Frameworks */,
				8385DDEF7E1CC6FC01F74C67 /* [CP] Copy Pods Resources */,
			);
			buildRules = (
			);
			dependencies = (
				91B4C1141FEA819500E400E2 /* PBXTargetDependency */,
			);
			name = AlamofireDemoUITests;
			productName = AlamofireDemoUITests;
			productReference = 91B4C1121FEA819500E400E2 /* AlamofireDemoUITests.xctest */;
			productType = "com.apple.product-type.bundle.ui-testing";
		};
/* End PBXNativeTarget section */

/* Begin PBXProject section */
		91B4C0EB1FEA819500E400E2 /* Project object */ = {
			isa = PBXProject;
			attributes = {
				LastSwiftUpdateCheck = 0920;
				LastUpgradeCheck = 0920;
				ORGANIZATIONNAME = "Raghavendra Dattawad";
				TargetAttributes = {
					91B4C0F21FEA819500E400E2 = {
						CreatedOnToolsVersion = 9.2;
						ProvisioningStyle = Automatic;
					};
					91B4C1061FEA819500E400E2 = {
						CreatedOnToolsVersion = 9.2;
						ProvisioningStyle = Automatic;
						TestTargetID = 91B4C0F21FEA819500E400E2;
					};
					91B4C1111FEA819500E400E2 = {
						CreatedOnToolsVersion = 9.2;
						ProvisioningStyle = Automatic;
						TestTargetID = 91B4C0F21FEA819500E400E2;
					};
				};
			};
			buildConfigurationList = 91B4C0EE1FEA819500E400E2 /* Build configuration list for PBXProject "AlamofireDemo" */;
			compatibilityVersion = "Xcode 8.0";
			developmentRegion = en;
			hasScannedForEncodings = 0;
			knownRegions = (
				en,
				Base,
			);
			mainGroup = 91B4C0EA1FEA819500E400E2;
			productRefGroup = 91B4C0F41FEA819500E400E2 /* Products */;
			projectDirPath = "";
			projectRoot = "";
			targets = (
				91B4C0F21FEA819500E400E2 /* AlamofireDemo */,
				91B4C1061FEA819500E400E2 /* AlamofireDemoTests */,
				91B4C1111FEA819500E400E2 /* AlamofireDemoUITests */,
			);
		};
/* End PBXProject section */

/* Begin PBXResourcesBuildPhase section */
		91B4C0F11FEA819500E400E2 /* Resources */ = {
			isa = PBXResourcesBuildPhase;
			buildActionMask = 2147483647;
			files = (
				91B4C1011FEA819500E400E2 /* LaunchScreen.storyboard in Resources */,
				91B4C0FE1FEA819500E400E2 /* Assets.xcassets in Resources */,
				91B4C0FC1FEA819500E400E2 /* Main.storyboard in Resources */,
			);
			runOnlyForDeploymentPostprocessing = 0;
		};
		91B4C1051FEA819500E400E2 /* Resources */ = {
			isa = PBXResourcesBuildPhase;
			buildActionMask = 2147483647;
			files = (
			);
			runOnlyForDeploymentPostprocessing = 0;
		};
		91B4C1101FEA819500E400E2 /* Resources */ = {
			isa = PBXResourcesBuildPhase;
			buildActionMask = 2147483647;
			files = (
			);
			runOnlyForDeploymentPostprocessing = 0;
		};
/* End PBXResourcesBuildPhase section */

/* Begin PBXShellScriptBuildPhase section */
		340BFF3DBC24D640E47B5C9B /* [CP] Embed Pods Frameworks */ = {
			isa = PBXShellScriptBuildPhase;
			buildActionMask = 2147483647;
			files = (
			);
			inputPaths = (
				"${SRCROOT}/Pods/Target Support Files/Pods-AlamofireDemo/Pods-AlamofireDemo-frameworks.sh",
				"${BUILT_PRODUCTS_DIR}/Alamofire/Alamofire.framework",
				"${BUILT_PRODUCTS_DIR}/SwiftyJSON/SwiftyJSON.framework",
			);
			name = "[CP] Embed Pods Frameworks";
			outputPaths = (
				"${TARGET_BUILD_DIR}/${FRAMEWORKS_FOLDER_PATH}/Alamofire.framework",
				"${TARGET_BUILD_DIR}/${FRAMEWORKS_FOLDER_PATH}/SwiftyJSON.framework",
			);
			runOnlyForDeploymentPostprocessing = 0;
			shellPath = /bin/sh;
			shellScript = "\"${SRCROOT}/Pods/Target Support Files/Pods-AlamofireDemo/Pods-AlamofireDemo-frameworks.sh\"\n";
			showEnvVarsInLog = 0;
		};
		3A44C4A7637FF8656379CFAB /* [CP] Check Pods Manifest.lock */ = {
			isa = PBXShellScriptBuildPhase;
			buildActionMask = 2147483647;
			files = (
			);
			inputPaths = (
				"${PODS_PODFILE_DIR_PATH}/Podfile.lock",
				"${PODS_ROOT}/Manifest.lock",
			);
			name = "[CP] Check Pods Manifest.lock";
			outputPaths = (
				"$(DERIVED_FILE_DIR)/Pods-AlamofireDemoUITests-checkManifestLockResult.txt",
			);
			runOnlyForDeploymentPostprocessing = 0;
			shellPath = /bin/sh;
			shellScript = "diff \"${PODS_PODFILE_DIR_PATH}/Podfile.lock\" \"${PODS_ROOT}/Manifest.lock\" > /dev/null\nif [ $? != 0 ] ; then\n    # print error to STDERR\n    echo \"error: The sandbox is not in sync with the Podfile.lock. Run 'pod install' or update your CocoaPods installation.\" >&2\n    exit 1\nfi\n# This output is used by Xcode 'outputs' to avoid re-running this script phase.\necho \"SUCCESS\" > \"${SCRIPT_OUTPUT_FILE_0}\"\n";
			showEnvVarsInLog = 0;
		};
		601FA3910869E1D9BE26A7A6 /* [CP] Embed Pods Frameworks */ = {
			isa = PBXShellScriptBuildPhase;
			buildActionMask = 2147483647;
			files = (
			);
			inputPaths = (
			);
			name = "[CP] Embed Pods Frameworks";
			outputPaths = (
			);
			runOnlyForDeploymentPostprocessing = 0;
			shellPath = /bin/sh;
			shellScript = "\"${SRCROOT}/Pods/Target Support Files/Pods-AlamofireDemoUITests/Pods-AlamofireDemoUITests-frameworks.sh\"\n";
			showEnvVarsInLog = 0;
		};
		7D2CE4EBB3D09BD7B786AB2B /* [CP] Check Pods Manifest.lock */ = {
			isa = PBXShellScriptBuildPhase;
			buildActionMask = 2147483647;
			files = (
			);
			inputPaths = (
				"${PODS_PODFILE_DIR_PATH}/Podfile.lock",
				"${PODS_ROOT}/Manifest.lock",
			);
			name = "[CP] Check Pods Manifest.lock";
			outputPaths = (
				"$(DERIVED_FILE_DIR)/Pods-AlamofireDemoTests-checkManifestLockResult.txt",
			);
			runOnlyForDeploymentPostprocessing = 0;
			shellPath = /bin/sh;
			shellScript = "diff \"${PODS_PODFILE_DIR_PATH}/Podfile.lock\" \"${PODS_ROOT}/Manifest.lock\" > /dev/null\nif [ $? != 0 ] ; then\n    # print error to STDERR\n    echo \"error: The sandbox is not in sync with the Podfile.lock. Run 'pod install' or update your CocoaPods installation.\" >&2\n    exit 1\nfi\n# This output is used by Xcode 'outputs' to avoid re-running this script phase.\necho \"SUCCESS\" > \"${SCRIPT_OUTPUT_FILE_0}\"\n";
			showEnvVarsInLog = 0;
		};
		8385DDEF7E1CC6FC01F74C67 /* [CP] Copy Pods Resources */ = {
			isa = PBXShellScriptBuildPhase;
			buildActionMask = 2147483647;
			files = (
			);
			inputPaths = (
			);
			name = "[CP] Copy Pods Resources";
			outputPaths = (
			);
			runOnlyForDeploymentPostprocessing = 0;
			shellPath = /bin/sh;
			shellScript = "\"${SRCROOT}/Pods/Target Support Files/Pods-AlamofireDemoUITests/Pods-AlamofireDemoUITests-resources.sh\"\n";
			showEnvVarsInLog = 0;
		};
		9451D895380A0B6FE6847722 /* [CP] Copy Pods Resources */ = {
			isa = PBXShellScriptBuildPhase;
			buildActionMask = 2147483647;
			files = (
			);
			inputPaths = (
			);
			name = "[CP] Copy Pods Resources";
			outputPaths = (
			);
			runOnlyForDeploymentPostprocessing = 0;
			shellPath = /bin/sh;
			shellScript = "\"${SRCROOT}/Pods/Target Support Files/Pods-AlamofireDemoTests/Pods-AlamofireDemoTests-resources.sh\"\n";
			showEnvVarsInLog = 0;
		};
		C2F098D4CD8F121328F75C7B /* [CP] Copy Pods Resources */ = {
			isa = PBXShellScriptBuildPhase;
			buildActionMask = 2147483647;
			files = (
			);
			inputPaths = (
			);
			name = "[CP] Copy Pods Resources";
			outputPaths = (
			);
			runOnlyForDeploymentPostprocessing = 0;
			shellPath = /bin/sh;
			shellScript = "\"${SRCROOT}/Pods/Target Support Files/Pods-AlamofireDemo/Pods-AlamofireDemo-resources.sh\"\n";
			showEnvVarsInLog = 0;
		};
		CF8BE707BE4BE49ACD14E2D9 /* [CP] Check Pods Manifest.lock */ = {
			isa = PBXShellScriptBuildPhase;
			buildActionMask = 2147483647;
			files = (
			);
			inputPaths = (
				"${PODS_PODFILE_DIR_PATH}/Podfile.lock",
				"${PODS_ROOT}/Manifest.lock",
			);
			name = "[CP] Check Pods Manifest.lock";
			outputPaths = (
				"$(DERIVED_FILE_DIR)/Pods-AlamofireDemo-checkManifestLockResult.txt",
			);
			runOnlyForDeploymentPostprocessing = 0;
			shellPath = /bin/sh;
			shellScript = "diff \"${PODS_PODFILE_DIR_PATH}/Podfile.lock\" \"${PODS_ROOT}/Manifest.lock\" > /dev/null\nif [ $? != 0 ] ; then\n    # print error to STDERR\n    echo \"error: The sandbox is not in sync with the Podfile.lock. Run 'pod install' or update your CocoaPods installation.\" >&2\n    exit 1\nfi\n# This output is used by Xcode 'outputs' to avoid re-running this script phase.\necho \"SUCCESS\" > \"${SCRIPT_OUTPUT_FILE_0}\"\n";
			showEnvVarsInLog = 0;
		};
		F4B9176AEEF476997BC1DAD2 /* [CP] Embed Pods Frameworks */ = {
			isa = PBXShellScriptBuildPhase;
			buildActionMask = 2147483647;
			files = (
			);
			inputPaths = (
			);
			name = "[CP] Embed Pods Frameworks";
			outputPaths = (
			);
			runOnlyForDeploymentPostprocessing = 0;
			shellPath = /bin/sh;
			shellScript = "\"${SRCROOT}/Pods/Target Support Files/Pods-AlamofireDemoTests/Pods-AlamofireDemoTests-frameworks.sh\"\n";
			showEnvVarsInLog = 0;
		};
/* End PBXShellScriptBuildPhase section */

/* Begin PBXSourcesBuildPhase section */
		91B4C0EF1FEA819500E400E2 /* Sources */ = {
			isa = PBXSourcesBuildPhase;
			buildActionMask = 2147483647;
			files = (
				91B4C0F91FEA819500E400E2 /* ViewController.swift in Sources */,
				91B4C0F71FEA819500E400E2 /* AppDelegate.swift in Sources */,
			);
			runOnlyForDeploymentPostprocessing = 0;
		};
		91B4C1031FEA819500E400E2 /* Sources */ = {
			isa = PBXSourcesBuildPhase;
			buildActionMask = 2147483647;
			files = (
				91B4C10C1FEA819500E400E2 /* AlamofireDemoTests.swift in Sources */,
			);
			runOnlyForDeploymentPostprocessing = 0;
		};
		91B4C10E1FEA819500E400E2 /* Sources */ = {
			isa = PBXSourcesBuildPhase;
			buildActionMask = 2147483647;
			files = (
				91B4C1171FEA819500E400E2 /* AlamofireDemoUITests.swift in Sources */,
			);
			runOnlyForDeploymentPostprocessing = 0;
		};
/* End PBXSourcesBuildPhase section */

/* Begin PBXTargetDependency section */
		91B4C1091FEA819500E400E2 /* PBXTargetDependency */ = {
			isa = PBXTargetDependency;
			target = 91B4C0F21FEA819500E400E2 /* AlamofireDemo */;
			targetProxy = 91B4C1081FEA819500E400E2 /* PBXContainerItemProxy */;
		};
		91B4C1141FEA819500E400E2 /* PBXTargetDependency */ = {
			isa = PBXTargetDependency;
			target = 91B4C0F21FEA819500E400E2 /* AlamofireDemo */;
			targetProxy = 91B4C1131FEA819500E400E2 /* PBXContainerItemProxy */;
		};
/* End PBXTargetDependency section */

/* Begin PBXVariantGroup section */
		91B4C0FA1FEA819500E400E2 /* Main.storyboard */ = {
			isa = PBXVariantGroup;
			children = (
				91B4C0FB1FEA819500E400E2 /* Base */,
			);
			name = Main.storyboard;
			sourceTree = "<group>";
		};
		91B4C0FF1FEA819500E400E2 /* LaunchScreen.storyboard */ = {
			isa = PBXVariantGroup;
			children = (
				91B4C1001FEA819500E400E2 /* Base */,
			);
			name = LaunchScreen.storyboard;
			sourceTree = "<group>";
		};
/* End PBXVariantGroup section */

/* Begin XCBuildConfiguration section */
		91B4C1191FEA819500E400E2 /* Debug */ = {
			isa = XCBuildConfiguration;
			buildSettings = {
				ALWAYS_SEARCH_USER_PATHS = NO;
				CLANG_ANALYZER_NONNULL = YES;
				CLANG_ANALYZER_NUMBER_OBJECT_CONVERSION = YES_AGGRESSIVE;
				CLANG_CXX_LANGUAGE_STANDARD = "gnu++14";
				CLANG_CXX_LIBRARY = "libc++";
				CLANG_ENABLE_MODULES = YES;
				CLANG_ENABLE_OBJC_ARC = YES;
				CLANG_WARN_BLOCK_CAPTURE_AUTORELEASING = YES;
				CLANG_WARN_BOOL_CONVERSION = YES;
				CLANG_WARN_COMMA = YES;
				CLANG_WARN_CONSTANT_CONVERSION = YES;
				CLANG_WARN_DIRECT_OBJC_ISA_USAGE = YES_ERROR;
				CLANG_WARN_DOCUMENTATION_COMMENTS = YES;
				CLANG_WARN_EMPTY_BODY = YES;
				CLANG_WARN_ENUM_CONVERSION = YES;
				CLANG_WARN_INFINITE_RECURSION = YES;
				CLANG_WARN_INT_CONVERSION = YES;
				CLANG_WARN_NON_LITERAL_NULL_CONVERSION = YES;
				CLANG_WARN_OBJC_LITERAL_CONVERSION = YES;
				CLANG_WARN_OBJC_ROOT_CLASS = YES_ERROR;
				CLANG_WARN_RANGE_LOOP_ANALYSIS = YES;
				CLANG_WARN_STRICT_PROTOTYPES = YES;
				CLANG_WARN_SUSPICIOUS_MOVE = YES;
				CLANG_WARN_UNGUARDED_AVAILABILITY = YES_AGGRESSIVE;
				CLANG_WARN_UNREACHABLE_CODE = YES;
				CLANG_WARN__DUPLICATE_METHOD_MATCH = YES;
				CODE_SIGN_IDENTITY = "iPhone Developer";
				COPY_PHASE_STRIP = NO;
				DEBUG_INFORMATION_FORMAT = dwarf;
				ENABLE_STRICT_OBJC_MSGSEND = YES;
				ENABLE_TESTABILITY = YES;
				GCC_C_LANGUAGE_STANDARD = gnu11;
				GCC_DYNAMIC_NO_PIC = NO;
				GCC_NO_COMMON_BLOCKS = YES;
				GCC_OPTIMIZATION_LEVEL = 0;
				GCC_PREPROCESSOR_DEFINITIONS = (
					"DEBUG=1",
					"$(inherited)",
				);
				GCC_WARN_64_TO_32_BIT_CONVERSION = YES;
				GCC_WARN_ABOUT_RETURN_TYPE = YES_ERROR;
				GCC_WARN_UNDECLARED_SELECTOR = YES;
				GCC_WARN_UNINITIALIZED_AUTOS = YES_AGGRESSIVE;
				GCC_WARN_UNUSED_FUNCTION = YES;
				GCC_WARN_UNUSED_VARIABLE = YES;
				IPHONEOS_DEPLOYMENT_TARGET = 11.2;
				MTL_ENABLE_DEBUG_INFO = YES;
				ONLY_ACTIVE_ARCH = YES;
				SDKROOT = iphoneos;
				SWIFT_ACTIVE_COMPILATION_CONDITIONS = DEBUG;
				SWIFT_OPTIMIZATION_LEVEL = "-Onone";
			};
			name = Debug;
		};
		91B4C11A1FEA819500E400E2 /* Release */ = {
			isa = XCBuildConfiguration;
			buildSettings = {
				ALWAYS_SEARCH_USER_PATHS = NO;
				CLANG_ANALYZER_NONNULL = YES;
				CLANG_ANALYZER_NUMBER_OBJECT_CONVERSION = YES_AGGRESSIVE;
				CLANG_CXX_LANGUAGE_STANDARD = "gnu++14";
				CLANG_CXX_LIBRARY = "libc++";
				CLANG_ENABLE_MODULES = YES;
				CLANG_ENABLE_OBJC_ARC = YES;
				CLANG_WARN_BLOCK_CAPTURE_AUTORELEASING = YES;
				CLANG_WARN_BOOL_CONVERSION = YES;
				CLANG_WARN_COMMA = YES;
				CLANG_WARN_CONSTANT_CONVERSION = YES;
				CLANG_WARN_DIRECT_OBJC_ISA_USAGE = YES_ERROR;
				CLANG_WARN_DOCUMENTATION_COMMENTS = YES;
				CLANG_WARN_EMPTY_BODY = YES;
				CLANG_WARN_ENUM_CONVERSION = YES;
				CLANG_WARN_INFINITE_RECURSION = YES;
				CLANG_WARN_INT_CONVERSION = YES;
				CLANG_WARN_NON_LITERAL_NULL_CONVERSION = YES;
				CLANG_WARN_OBJC_LITERAL_CONVERSION = YES;
				CLANG_WARN_OBJC_ROOT_CLASS = YES_ERROR;
				CLANG_WARN_RANGE_LOOP_ANALYSIS = YES;
				CLANG_WARN_STRICT_PROTOTYPES = YES;
				CLANG_WARN_SUSPICIOUS_MOVE = YES;
				CLANG_WARN_UNGUARDED_AVAILABILITY = YES_AGGRESSIVE;
				CLANG_WARN_UNREACHABLE_CODE = YES;
				CLANG_WARN__DUPLICATE_METHOD_MATCH = YES;
				CODE_SIGN_IDENTITY = "iPhone Developer";
				COPY_PHASE_STRIP = NO;
				DEBUG_INFORMATION_FORMAT = "dwarf-with-dsym";
				ENABLE_NS_ASSERTIONS = NO;
				ENABLE_STRICT_OBJC_MSGSEND = YES;
				GCC_C_LANGUAGE_STANDARD = gnu11;
				GCC_NO_COMMON_BLOCKS = YES;
				GCC_WARN_64_TO_32_BIT_CONVERSION = YES;
				GCC_WARN_ABOUT_RETURN_TYPE = YES_ERROR;
				GCC_WARN_UNDECLARED_SELECTOR = YES;
				GCC_WARN_UNINITIALIZED_AUTOS = YES_AGGRESSIVE;
				GCC_WARN_UNUSED_FUNCTION = YES;
				GCC_WARN_UNUSED_VARIABLE = YES;
				IPHONEOS_DEPLOYMENT_TARGET = 11.2;
				MTL_ENABLE_DEBUG_INFO = NO;
				SDKROOT = iphoneos;
				SWIFT_OPTIMIZATION_LEVEL = "-Owholemodule";
				VALIDATE_PRODUCT = YES;
			};
			name = Release;
		};
		91B4C11C1FEA819500E400E2 /* Debug */ = {
			isa = XCBuildConfiguration;
			baseConfigurationReference = ADCB0F6686F28686C58BEF13 /* Pods-AlamofireDemo.debug.xcconfig */;
			buildSettings = {
				ASSETCATALOG_COMPILER_APPICON_NAME = AppIcon;
				CODE_SIGN_STYLE = Automatic;
				INFOPLIST_FILE = AlamofireDemo/Info.plist;
				LD_RUNPATH_SEARCH_PATHS = "$(inherited) @executable_path/Frameworks";
				PRODUCT_BUNDLE_IDENTIFIER = com.wickride.AlamofireDemo;
				PRODUCT_NAME = "$(TARGET_NAME)";
				SWIFT_VERSION = 4.0;
				TARGETED_DEVICE_FAMILY = "1,2";
			};
			name = Debug;
		};
		91B4C11D1FEA819500E400E2 /* Release */ = {
			isa = XCBuildConfiguration;
			baseConfigurationReference = B0D4022180C553008B39E155 /* Pods-AlamofireDemo.release.xcconfig */;
			buildSettings = {
				ASSETCATALOG_COMPILER_APPICON_NAME = AppIcon;
				CODE_SIGN_STYLE = Automatic;
				INFOPLIST_FILE = AlamofireDemo/Info.plist;
				LD_RUNPATH_SEARCH_PATHS = "$(inherited) @executable_path/Frameworks";
				PRODUCT_BUNDLE_IDENTIFIER = com.wickride.AlamofireDemo;
				PRODUCT_NAME = "$(TARGET_NAME)";
				SWIFT_VERSION = 4.0;
				TARGETED_DEVICE_FAMILY = "1,2";
			};
			name = Release;
		};
		91B4C11F1FEA819500E400E2 /* Debug */ = {
			isa = XCBuildConfiguration;
			baseConfigurationReference = 583BA4D954C6B140E82CB22D /* Pods-AlamofireDemoTests.debug.xcconfig */;
			buildSettings = {
				ALWAYS_EMBED_SWIFT_STANDARD_LIBRARIES = YES;
				BUNDLE_LOADER = "$(TEST_HOST)";
				CODE_SIGN_STYLE = Automatic;
				INFOPLIST_FILE = AlamofireDemoTests/Info.plist;
				LD_RUNPATH_SEARCH_PATHS = "$(inherited) @executable_path/Frameworks @loader_path/Frameworks";
				PRODUCT_BUNDLE_IDENTIFIER = com.wickride.AlamofireDemoTests;
				PRODUCT_NAME = "$(TARGET_NAME)";
				SWIFT_VERSION = 4.0;
				TARGETED_DEVICE_FAMILY = "1,2";
				TEST_HOST = "$(BUILT_PRODUCTS_DIR)/AlamofireDemo.app/AlamofireDemo";
			};
			name = Debug;
		};
		91B4C1201FEA819500E400E2 /* Release */ = {
			isa = XCBuildConfiguration;
			baseConfigurationReference = 52C18D1B7DA9B58251AD1532 /* Pods-AlamofireDemoTests.release.xcconfig */;
			buildSettings = {
				ALWAYS_EMBED_SWIFT_STANDARD_LIBRARIES = YES;
				BUNDLE_LOADER = "$(TEST_HOST)";
				CODE_SIGN_STYLE = Automatic;
				INFOPLIST_FILE = AlamofireDemoTests/Info.plist;
				LD_RUNPATH_SEARCH_PATHS = "$(inherited) @executable_path/Frameworks @loader_path/Frameworks";
				PRODUCT_BUNDLE_IDENTIFIER = com.wickride.AlamofireDemoTests;
				PRODUCT_NAME = "$(TARGET_NAME)";
				SWIFT_VERSION = 4.0;
				TARGETED_DEVICE_FAMILY = "1,2";
				TEST_HOST = "$(BUILT_PRODUCTS_DIR)/AlamofireDemo.app/AlamofireDemo";
			};
			name = Release;
		};
		91B4C1221FEA819500E400E2 /* Debug */ = {
			isa = XCBuildConfiguration;
			baseConfigurationReference = 7FA94AEA0B9DCA1297AD19C0 /* Pods-AlamofireDemoUITests.debug.xcconfig */;
			buildSettings = {
				ALWAYS_EMBED_SWIFT_STANDARD_LIBRARIES = YES;
				CODE_SIGN_STYLE = Automatic;
				INFOPLIST_FILE = AlamofireDemoUITests/Info.plist;
				LD_RUNPATH_SEARCH_PATHS = "$(inherited) @executable_path/Frameworks @loader_path/Frameworks";
				PRODUCT_BUNDLE_IDENTIFIER = com.wickride.AlamofireDemoUITests;
				PRODUCT_NAME = "$(TARGET_NAME)";
				SWIFT_VERSION = 4.0;
				TARGETED_DEVICE_FAMILY = "1,2";
				TEST_TARGET_NAME = AlamofireDemo;
			};
			name = Debug;
		};
		91B4C1231FEA819500E400E2 /* Release */ = {
			isa = XCBuildConfiguration;
			baseConfigurationReference = 29A528225C7A391D5F17E107 /* Pods-AlamofireDemoUITests.release.xcconfig */;
			buildSettings = {
				ALWAYS_EMBED_SWIFT_STANDARD_LIBRARIES = YES;
				CODE_SIGN_STYLE = Automatic;
				INFOPLIST_FILE = AlamofireDemoUITests/Info.plist;
				LD_RUNPATH_SEARCH_PATHS = "$(inherited) @executable_path/Frameworks @loader_path/Frameworks";
				PRODUCT_BUNDLE_IDENTIFIER = com.wickride.AlamofireDemoUITests;
				PRODUCT_NAME = "$(TARGET_NAME)";
				SWIFT_VERSION = 4.0;
				TARGETED_DEVICE_FAMILY = "1,2";
				TEST_TARGET_NAME = AlamofireDemo;
			};
			name = Release;
		};
/* End XCBuildConfiguration section */

/* Begin XCConfigurationList section */
		91B4C0EE1FEA819500E400E2 /* Build configuration list for PBXProject "AlamofireDemo" */ = {
			isa = XCConfigurationList;
			buildConfigurations = (
				91B4C1191FEA819500E400E2 /* Debug */,
				91B4C11A1FEA819500E400E2 /* Release */,
			);
			defaultConfigurationIsVisible = 0;
			defaultConfigurationName = Release;
		};
		91B4C11B1FEA819500E400E2 /* Build configuration list for PBXNativeTarget "AlamofireDemo" */ = {
			isa = XCConfigurationList;
			buildConfigurations = (
				91B4C11C1FEA819500E400E2 /* Debug */,
				91B4C11D1FEA819500E400E2 /* Release */,
			);
			defaultConfigurationIsVisible = 0;
			defaultConfigurationName = Release;
		};
		91B4C11E1FEA819500E400E2 /* Build configuration list for PBXNativeTarget "AlamofireDemoTests" */ = {
			isa = XCConfigurationList;
			buildConfigurations = (
				91B4C11F1FEA819500E400E2 /* Debug */,
				91B4C1201FEA819500E400E2 /* Release */,
			);
			defaultConfigurationIsVisible = 0;
			defaultConfigurationName = Release;
		};
		91B4C1211FEA819500E400E2 /* Build configuration list for PBXNativeTarget "AlamofireDemoUITests" */ = {
			isa = XCConfigurationList;
			buildConfigurations = (
				91B4C1221FEA819500E400E2 /* Debug */,
				91B4C1231FEA819500E400E2 /* Release */,
			);
			defaultConfigurationIsVisible = 0;
			defaultConfigurationName = Release;
		};
/* End XCConfigurationList section */
	};
	rootObject = 91B4C0EB1FEA819500E400E2 /* Project object */;
}
